
Microsoft Visual Studio Solution File, Format Version 12.00
# Visual Studio Version 17
VisualStudioVersion = 17.11.35219.272
MinimumVisualStudioVersion = 10.0.40219.1
Project("{FAE04EC0-301F-11D3-BF4B-00C04F79EFBC}") = "Lab2", "Lab2\Lab2.csproj", "{4E82123F-F746-4275-B188-5A6535EFC69E}"
EndProject
Global
	GlobalSection(SolutionConfigurationPlatforms) = preSolution
		Debug|Any CPU = Debug|Any CPU
		Release|Any CPU = Release|Any CPU
	EndGlobalSection
	GlobalSection(ProjectConfigurationPlatforms) = postSolution
		{4E82123F-F746-4275-B188-5A6535EFC69E}.Debug|Any CPU.ActiveCfg = Debug|Any CPU
		{4E82123F-F746-4275-B188-5A6535EFC69E}.Debug|Any CPU.Build.0 = Debug|Any CPU
		{4E82123F-F746-4275-B188-5A6535EFC69E}.Release|Any CPU.ActiveCfg = Release|Any CPU
		{4E82123F-F746-4275-B188-5A6535EFC69E}.Release|Any CPU.Build.0 = Release|Any CPU
	EndGlobalSection
	GlobalSection(SolutionProperties) = preSolution
		HideSolutionNode = FALSE
	EndGlobalSection
	GlobalSection(ExtensibilityGlobals) = postSolution
		SolutionGuid = {370022FF-52D8-4B16-A57B-22715D4F21FB}
	EndGlobalSection
EndGlobal
